
Microsoft Visual Studio Solution File, Format Version 11.00
# Visual Studio 2010
Project("{FAE04EC0-301F-11D3-BF4B-00C04F79EFBC}") = "Interface", "Interface\Interface.csproj", "{3066ACC2-EF97-435D-9A67-A9AC0103DBCC}"
EndProject
Project("{FAE04EC0-301F-11D3-BF4B-00C04F79EFBC}") = "DataAccess", "DataAccess\DataAccess.csproj", "{9E9790A9-A991-4AAC-8FF4-605F8D8CE402}"
EndProject
Project("{FAE04EC0-301F-11D3-BF4B-00C04F79EFBC}") = "LogicBusiness", "LogicBusiness\LogicBusiness.csproj", "{6E8DB803-30E5-4167-862E-8E93A81303CC}"
EndProject
Project("{FAE04EC0-301F-11D3-BF4B-00C04F79EFBC}") = "Entities", "Entities\Entities.csproj", "{885F1FA9-5A9A-45A2-881D-E8035E2AFDCD}"
EndProject
Global
	GlobalSection(SolutionConfigurationPlatforms) = preSolution
		Debug|Any CPU = Debug|Any CPU
		Release|Any CPU = Release|Any CPU
	EndGlobalSection
	GlobalSection(ProjectConfigurationPlatforms) = postSolution
		{3066ACC2-EF97-435D-9A67-A9AC0103DBCC}.Debug|Any CPU.ActiveCfg = Debug|Any CPU
		{3066ACC2-EF97-435D-9A67-A9AC0103DBCC}.Debug|Any CPU.Build.0 = Debug|Any CPU
		{3066ACC2-EF97-435D-9A67-A9AC0103DBCC}.Release|Any CPU.ActiveCfg = Release|Any CPU
		{3066ACC2-EF97-435D-9A67-A9AC0103DBCC}.Release|Any CPU.Build.0 = Release|Any CPU
		{9E9790A9-A991-4AAC-8FF4-605F8D8CE402}.Debug|Any CPU.ActiveCfg = Debug|Any CPU
		{9E9790A9-A991-4AAC-8FF4-605F8D8CE402}.Debug|Any CPU.Build.0 = Debug|Any CPU
		{9E9790A9-A991-4AAC-8FF4-605F8D8CE402}.Release|Any CPU.ActiveCfg = Release|Any CPU
		{9E9790A9-A991-4AAC-8FF4-605F8D8CE402}.Release|Any CPU.Build.0 = Release|Any CPU
		{6E8DB803-30E5-4167-862E-8E93A81303CC}.Debug|Any CPU.ActiveCfg = Debug|Any CPU
		{6E8DB803-30E5-4167-862E-8E93A81303CC}.Debug|Any CPU.Build.0 = Debug|Any CPU
		{6E8DB803-30E5-4167-862E-8E93A81303CC}.Release|Any CPU.ActiveCfg = Release|Any CPU
		{6E8DB803-30E5-4167-862E-8E93A81303CC}.Release|Any CPU.Build.0 = Release|Any CPU
		{885F1FA9-5A9A-45A2-881D-E8035E2AFDCD}.Debug|Any CPU.ActiveCfg = Debug|Any CPU
		{885F1FA9-5A9A-45A2-881D-E8035E2AFDCD}.Debug|Any CPU.Build.0 = Debug|Any CPU
		{885F1FA9-5A9A-45A2-881D-E8035E2AFDCD}.Release|Any CPU.ActiveCfg = Release|Any CPU
		{885F1FA9-5A9A-45A2-881D-E8035E2AFDCD}.Release|Any CPU.Build.0 = Release|Any CPU
	EndGlobalSection
	GlobalSection(SolutionProperties) = preSolution
		HideSolutionNode = FALSE
	EndGlobalSection
EndGlobal
